
Microsoft Visual Studio Solution File, Format Version 12.00
# Visual Studio 2013
VisualStudioVersion = 12.0.30723.0
MinimumVisualStudioVersion = 10.0.40219.1
Project("{FAE04EC0-301F-11D3-BF4B-00C04F79EFBC}") = "Assignment44", "Assignment44\Assignment44.csproj", "{C46DFBAC-6C42-403E-85DA-7BAD3B17806F}"
EndProject
Project("{FAE04EC0-301F-11D3-BF4B-00C04F79EFBC}") = "Assignment44.Tests", "Assignment44.Tests\Assignment44.Tests.csproj", "{28BC3FC6-A483-4C13-A4FD-C471E169C9F6}"
EndProject
Global
	GlobalSection(SolutionConfigurationPlatforms) = preSolution
		Debug|Any CPU = Debug|Any CPU
		Release|Any CPU = Release|Any CPU
	EndGlobalSection
	GlobalSection(ProjectConfigurationPlatforms) = postSolution
		{C46DFBAC-6C42-403E-85DA-7BAD3B17806F}.Debug|Any CPU.ActiveCfg = Debug|Any CPU
		{C46DFBAC-6C42-403E-85DA-7BAD3B17806F}.Debug|Any CPU.Build.0 = Debug|Any CPU
		{C46DFBAC-6C42-403E-85DA-7BAD3B17806F}.Release|Any CPU.ActiveCfg = Release|Any CPU
		{C46DFBAC-6C42-403E-85DA-7BAD3B17806F}.Release|Any CPU.Build.0 = Release|Any CPU
		{28BC3FC6-A483-4C13-A4FD-C471E169C9F6}.Debug|Any CPU.ActiveCfg = Debug|Any CPU
		{28BC3FC6-A483-4C13-A4FD-C471E169C9F6}.Debug|Any CPU.Build.0 = Debug|Any CPU
		{28BC3FC6-A483-4C13-A4FD-C471E169C9F6}.Release|Any CPU.ActiveCfg = Release|Any CPU
		{28BC3FC6-A483-4C13-A4FD-C471E169C9F6}.Release|Any CPU.Build.0 = Release|Any CPU
	EndGlobalSection
	GlobalSection(SolutionProperties) = preSolution
		HideSolutionNode = FALSE
	EndGlobalSection
EndGlobal
